// !$*UTF8*$!
{
	archiveVersion = 1;
	classes = {
	};
	objectVersion = 50;
	objects = {

/* Begin PBXBuildFile section */
		674109AC2214DC0F00E382E8 /* Colors.swift in Sources */ = {isa = PBXBuildFile; fileRef = 674109AB2214DC0F00E382E8 /* Colors.swift */; };
		674109AF2215929700E382E8 /* Keychain.swift in Sources */ = {isa = PBXBuildFile; fileRef = 674109AE2215929700E382E8 /* Keychain.swift */; };
		679034F322136E4A00570289 /* AlertManager.swift in Sources */ = {isa = PBXBuildFile; fileRef = 679034F222136E4900570289 /* AlertManager.swift */; };
		679034F5221402CA00570289 /* Keyboard.swift in Sources */ = {isa = PBXBuildFile; fileRef = 679034F4221402CA00570289 /* Keyboard.swift */; };
		67921FBD2212DBEA004B84CF /* AppDelegate.swift in Sources */ = {isa = PBXBuildFile; fileRef = 67921FBC2212DBEA004B84CF /* AppDelegate.swift */; };
		67921FBF2212DBEA004B84CF /* RegisterViewController.swift in Sources */ = {isa = PBXBuildFile; fileRef = 67921FBE2212DBEA004B84CF /* RegisterViewController.swift */; };
		67921FC52212DBEA004B84CF /* mbanking.xcdatamodeld in Sources */ = {isa = PBXBuildFile; fileRef = 67921FC32212DBEA004B84CF /* mbanking.xcdatamodeld */; };
		67921FC72212DBEC004B84CF /* Assets.xcassets in Resources */ = {isa = PBXBuildFile; fileRef = 67921FC62212DBEC004B84CF /* Assets.xcassets */; };
		67921FCA2212DBEC004B84CF /* LaunchScreen.storyboard in Resources */ = {isa = PBXBuildFile; fileRef = 67921FC82212DBEC004B84CF /* LaunchScreen.storyboard */; };
		679930C62219A25500C3E258 /* LoginController.swift in Sources */ = {isa = PBXBuildFile; fileRef = 679930C52219A25500C3E258 /* LoginController.swift */; };
		679930C82219C50000C3E258 /* LoginManager.swift in Sources */ = {isa = PBXBuildFile; fileRef = 679930C72219C50000C3E258 /* LoginManager.swift */; };
		679930CA2219EFE800C3E258 /* RequestManager.swift in Sources */ = {isa = PBXBuildFile; fileRef = 679930C92219EFE800C3E258 /* RequestManager.swift */; };
		67A6C9D722160EC3004D935D /* Spinner.swift in Sources */ = {isa = PBXBuildFile; fileRef = 67A6C9D622160EC3004D935D /* Spinner.swift */; };
		67A6C9D92216F935004D935D /* Utils.swift in Sources */ = {isa = PBXBuildFile; fileRef = 67A6C9D82216F935004D935D /* Utils.swift */; };
		67A6C9DB22176C57004D935D /* TransactionsViewController.swift in Sources */ = {isa = PBXBuildFile; fileRef = 67A6C9DA22176C57004D935D /* TransactionsViewController.swift */; };
		67A6C9DD2218D738004D935D /* Icon-1024.png in Resources */ = {isa = PBXBuildFile; fileRef = 67A6C9DC2218D738004D935D /* Icon-1024.png */; };
		67A6C9DF2218E93E004D935D /* SelectionViewController.swift in Sources */ = {isa = PBXBuildFile; fileRef = 67A6C9DE2218E93E004D935D /* SelectionViewController.swift */; };
		67B5662C22146E4F002AC512 /* Main.storyboard in Resources */ = {isa = PBXBuildFile; fileRef = 67B5662A22146E4F002AC512 /* Main.storyboard */; };
		67B5662E2214BAF9002AC512 /* PinViewController.swift in Sources */ = {isa = PBXBuildFile; fileRef = 67B5662D2214BAF9002AC512 /* PinViewController.swift */; };
		67B566312214C2CA002AC512 /* Keyboard.xib in Resources */ = {isa = PBXBuildFile; fileRef = 67C086E122146BA500EEA1B4 /* Keyboard.xib */; };
		67FE7A1E221AB1B400F10C71 /* CustomButton.swift in Sources */ = {isa = PBXBuildFile; fileRef = 67FE7A1D221AB1B400F10C71 /* CustomButton.swift */; };
		67FE7A20221AE80B00F10C71 /* KeyboardButton.swift in Sources */ = {isa = PBXBuildFile; fileRef = 67FE7A1F221AE80B00F10C71 /* KeyboardButton.swift */; };
		67FE7A22221B03DC00F10C71 /* delete.png in Resources */ = {isa = PBXBuildFile; fileRef = 67FE7A21221B03DC00F10C71 /* delete.png */; };
		67FE7A28221C04BA00F10C71 /* .gitignore in Resources */ = {isa = PBXBuildFile; fileRef = 67FE7A27221C04BA00F10C71 /* .gitignore */; };
		C3F2BBB17F6A7FBE9AECEF1C /* libPods-mbanking.a in Frameworks */ = {isa = PBXBuildFile; fileRef = 832E404F9905402BC8F54EDD /* libPods-mbanking.a */; };
/* End PBXBuildFile section */

/* Begin PBXCopyFilesBuildPhase section */
		67921FFC22134F20004B84CF /* Embed App Extensions */ = {
			isa = PBXCopyFilesBuildPhase;
			buildActionMask = 2147483647;
			dstPath = "";
			dstSubfolderSpec = 13;
			files = (
			);
			name = "Embed App Extensions";
			runOnlyForDeploymentPostprocessing = 0;
		};
/* End PBXCopyFilesBuildPhase section */

/* Begin PBXFileReference section */
		23BB074BFEC8CEB63C2DD0D7 /* Pods-mbanking.debug.xcconfig */ = {isa = PBXFileReference; includeInIndex = 1; lastKnownFileType = text.xcconfig; name = "Pods-mbanking.debug.xcconfig"; path = "Target Support Files/Pods-mbanking/Pods-mbanking.debug.xcconfig"; sourceTree = "<group>"; };
		66DCF9E7D88BE13868F8F91F /* Pods-mbanking.release.xcconfig */ = {isa = PBXFileReference; includeInIndex = 1; lastKnownFileType = text.xcconfig; name = "Pods-mbanking.release.xcconfig"; path = "Target Support Files/Pods-mbanking/Pods-mbanking.release.xcconfig"; sourceTree = "<group>"; };
		674109AB2214DC0F00E382E8 /* Colors.swift */ = {isa = PBXFileReference; fileEncoding = 4; lastKnownFileType = sourcecode.swift; path = Colors.swift; sourceTree = "<group>"; };
		674109AE2215929700E382E8 /* Keychain.swift */ = {isa = PBXFileReference; fileEncoding = 4; lastKnownFileType = sourcecode.swift; path = Keychain.swift; sourceTree = "<group>"; };
		679034F222136E4900570289 /* AlertManager.swift */ = {isa = PBXFileReference; fileEncoding = 4; lastKnownFileType = sourcecode.swift; path = AlertManager.swift; sourceTree = "<group>"; };
		679034F4221402CA00570289 /* Keyboard.swift */ = {isa = PBXFileReference; lastKnownFileType = sourcecode.swift; path = Keyboard.swift; sourceTree = "<group>"; };
		67921FB92212DBEA004B84CF /* mbanking.app */ = {isa = PBXFileReference; explicitFileType = wrapper.application; includeInIndex = 0; path = mbanking.app; sourceTree = BUILT_PRODUCTS_DIR; };
		67921FBC2212DBEA004B84CF /* AppDelegate.swift */ = {isa = PBXFileReference; lastKnownFileType = sourcecode.swift; path = AppDelegate.swift; sourceTree = "<group>"; };
		67921FBE2212DBEA004B84CF /* RegisterViewController.swift */ = {isa = PBXFileReference; lastKnownFileType = sourcecode.swift; path = RegisterViewController.swift; sourceTree = "<group>"; };
		67921FC42212DBEA004B84CF /* mbanking.xcdatamodel */ = {isa = PBXFileReference; lastKnownFileType = wrapper.xcdatamodel; path = mbanking.xcdatamodel; sourceTree = "<group>"; };
		67921FC62212DBEC004B84CF /* Assets.xcassets */ = {isa = PBXFileReference; lastKnownFileType = folder.assetcatalog; path = Assets.xcassets; sourceTree = "<group>"; };
		67921FC92212DBEC004B84CF /* Base */ = {isa = PBXFileReference; lastKnownFileType = file.storyboard; name = Base; path = Base.lproj/LaunchScreen.storyboard; sourceTree = "<group>"; };
		67921FCB2212DBEC004B84CF /* Info.plist */ = {isa = PBXFileReference; lastKnownFileType = text.plist.xml; path = Info.plist; sourceTree = "<group>"; };
		679930C52219A25500C3E258 /* LoginController.swift */ = {isa = PBXFileReference; lastKnownFileType = sourcecode.swift; path = LoginController.swift; sourceTree = "<group>"; };
		679930C72219C50000C3E258 /* LoginManager.swift */ = {isa = PBXFileReference; lastKnownFileType = sourcecode.swift; path = LoginManager.swift; sourceTree = "<group>"; };
		679930C92219EFE800C3E258 /* RequestManager.swift */ = {isa = PBXFileReference; lastKnownFileType = sourcecode.swift; path = RequestManager.swift; sourceTree = "<group>"; };
		67A6C9D622160EC3004D935D /* Spinner.swift */ = {isa = PBXFileReference; fileEncoding = 4; lastKnownFileType = sourcecode.swift; path = Spinner.swift; sourceTree = "<group>"; };
		67A6C9D82216F935004D935D /* Utils.swift */ = {isa = PBXFileReference; lastKnownFileType = sourcecode.swift; path = Utils.swift; sourceTree = "<group>"; };
		67A6C9DA22176C57004D935D /* TransactionsViewController.swift */ = {isa = PBXFileReference; lastKnownFileType = sourcecode.swift; path = TransactionsViewController.swift; sourceTree = "<group>"; };
		67A6C9DC2218D738004D935D /* Icon-1024.png */ = {isa = PBXFileReference; lastKnownFileType = image.png; path = "Icon-1024.png"; sourceTree = "<group>"; };
		67A6C9DE2218E93E004D935D /* SelectionViewController.swift */ = {isa = PBXFileReference; lastKnownFileType = sourcecode.swift; path = SelectionViewController.swift; sourceTree = "<group>"; };
		67B5662B22146E4F002AC512 /* Base */ = {isa = PBXFileReference; lastKnownFileType = file.storyboard; name = Base; path = Base.lproj/Main.storyboard; sourceTree = "<group>"; };
		67B5662D2214BAF9002AC512 /* PinViewController.swift */ = {isa = PBXFileReference; lastKnownFileType = sourcecode.swift; path = PinViewController.swift; sourceTree = "<group>"; };
		67C086E122146BA500EEA1B4 /* Keyboard.xib */ = {isa = PBXFileReference; lastKnownFileType = file.xib; path = Keyboard.xib; sourceTree = "<group>"; };
		67FE7A1D221AB1B400F10C71 /* CustomButton.swift */ = {isa = PBXFileReference; fileEncoding = 4; lastKnownFileType = sourcecode.swift; path = CustomButton.swift; sourceTree = "<group>"; };
		67FE7A1F221AE80B00F10C71 /* KeyboardButton.swift */ = {isa = PBXFileReference; lastKnownFileType = sourcecode.swift; path = KeyboardButton.swift; sourceTree = "<group>"; };
		67FE7A21221B03DC00F10C71 /* delete.png */ = {isa = PBXFileReference; lastKnownFileType = image.png; path = delete.png; sourceTree = "<group>"; };
		67FE7A27221C04BA00F10C71 /* .gitignore */ = {isa = PBXFileReference; fileEncoding = 4; lastKnownFileType = text; name = .gitignore; path = mbanking/.gitignore; sourceTree = "<group>"; };
		832E404F9905402BC8F54EDD /* libPods-mbanking.a */ = {isa = PBXFileReference; explicitFileType = archive.ar; includeInIndex = 0; path = "libPods-mbanking.a"; sourceTree = BUILT_PRODUCTS_DIR; };
/* End PBXFileReference section */

/* Begin PBXFrameworksBuildPhase section */
		67921FB62212DBEA004B84CF /* Frameworks */ = {
			isa = PBXFrameworksBuildPhase;
			buildActionMask = 2147483647;
			files = (
				C3F2BBB17F6A7FBE9AECEF1C /* libPods-mbanking.a in Frameworks */,
			);
			runOnlyForDeploymentPostprocessing = 0;
		};
/* End PBXFrameworksBuildPhase section */

/* Begin PBXGroup section */
		3B5B5BD25417EF6408FEF57D /* Pods */ = {
			isa = PBXGroup;
			children = (
				23BB074BFEC8CEB63C2DD0D7 /* Pods-mbanking.debug.xcconfig */,
				66DCF9E7D88BE13868F8F91F /* Pods-mbanking.release.xcconfig */,
			);
			path = Pods;
			sourceTree = "<group>";
		};
		67921FB02212DBEA004B84CF = {
			isa = PBXGroup;
			children = (
				67FE7A27221C04BA00F10C71 /* .gitignore */,
				67921FBB2212DBEA004B84CF /* mbanking */,
				67921FBA2212DBEA004B84CF /* Products */,
				3B5B5BD25417EF6408FEF57D /* Pods */,
				8C332DB1B737A77F7A0B44A3 /* Frameworks */,
			);
			sourceTree = "<group>";
		};
		67921FBA2212DBEA004B84CF /* Products */ = {
			isa = PBXGroup;
			children = (
				67921FB92212DBEA004B84CF /* mbanking.app */,
			);
			name = Products;
			sourceTree = "<group>";
		};
		67921FBB2212DBEA004B84CF /* mbanking */ = {
			isa = PBXGroup;
			children = (
				67921FC62212DBEC004B84CF /* Assets.xcassets */,
				67FE7A14221AB02A00F10C71 /* Classes */,
				67FE7A12221AAEF500F10C71 /* Controllers */,
				67FE7A13221AAF7400F10C71 /* Helpers */,
				67FE7A0B221A9DAB00F10C71 /* Images */,
				67FE7A16221AB0E700F10C71 /* Views */,
				67921FBC2212DBEA004B84CF /* AppDelegate.swift */,
				67921FCB2212DBEC004B84CF /* Info.plist */,
				67921FC32212DBEA004B84CF /* mbanking.xcdatamodeld */,
			);
			path = mbanking;
			sourceTree = "<group>";
		};
		67FE7A0B221A9DAB00F10C71 /* Images */ = {
			isa = PBXGroup;
			children = (
				67FE7A21221B03DC00F10C71 /* delete.png */,
				67A6C9DC2218D738004D935D /* Icon-1024.png */,
			);
			path = Images;
			sourceTree = "<group>";
		};
		67FE7A12221AAEF500F10C71 /* Controllers */ = {
			isa = PBXGroup;
			children = (
				679930C52219A25500C3E258 /* LoginController.swift */,
				67B5662D2214BAF9002AC512 /* PinViewController.swift */,
				67921FBE2212DBEA004B84CF /* RegisterViewController.swift */,
				67A6C9DE2218E93E004D935D /* SelectionViewController.swift */,
				67A6C9DA22176C57004D935D /* TransactionsViewController.swift */,
			);
			path = Controllers;
			sourceTree = "<group>";
		};
		67FE7A13221AAF7400F10C71 /* Helpers */ = {
			isa = PBXGroup;
			children = (
				679034F222136E4900570289 /* AlertManager.swift */,
				674109AB2214DC0F00E382E8 /* Colors.swift */,
				679930C72219C50000C3E258 /* LoginManager.swift */,
				679930C92219EFE800C3E258 /* RequestManager.swift */,
				67A6C9D622160EC3004D935D /* Spinner.swift */,
				67A6C9D82216F935004D935D /* Utils.swift */,
			);
			path = Helpers;
			sourceTree = "<group>";
		};
		67FE7A14221AB02A00F10C71 /* Classes */ = {
			isa = PBXGroup;
			children = (
				67FE7A1D221AB1B400F10C71 /* CustomButton.swift */,
				67FE7A1F221AE80B00F10C71 /* KeyboardButton.swift */,
				674109AE2215929700E382E8 /* Keychain.swift */,
			);
			path = Classes;
			sourceTree = "<group>";
		};
		67FE7A16221AB0E700F10C71 /* Views */ = {
			isa = PBXGroup;
			children = (
				67FE7A18221AB0E700F10C71 /* Classes */,
				67C086E122146BA500EEA1B4 /* Keyboard.xib */,
				67921FC82212DBEC004B84CF /* LaunchScreen.storyboard */,
				67B5662A22146E4F002AC512 /* Main.storyboard */,
			);
			name = Views;
			path = mbanking/Views;
			sourceTree = SOURCE_ROOT;
		};
		67FE7A18221AB0E700F10C71 /* Classes */ = {
			isa = PBXGroup;
			children = (
				679034F4221402CA00570289 /* Keyboard.swift */,
			);
			path = Classes;
			sourceTree = "<group>";
		};
		8C332DB1B737A77F7A0B44A3 /* Frameworks */ = {
			isa = PBXGroup;
			children = (
				832E404F9905402BC8F54EDD /* libPods-mbanking.a */,
			);
			name = Frameworks;
			sourceTree = "<group>";
		};
/* End PBXGroup section */

/* Begin PBXNativeTarget section */
		67921FB82212DBEA004B84CF /* mbanking */ = {
			isa = PBXNativeTarget;
			buildConfigurationList = 67921FE42212DBEC004B84CF /* Build configuration list for PBXNativeTarget "mbanking" */;
			buildPhases = (
				0195F9A37C3C59B1CF1FA7FE /* [CP] Check Pods Manifest.lock */,
				67921FB52212DBEA004B84CF /* Sources */,
				67921FB62212DBEA004B84CF /* Frameworks */,
				67921FB72212DBEA004B84CF /* Resources */,
				67921FFC22134F20004B84CF /* Embed App Extensions */,
			);
			buildRules = (
			);
			dependencies = (
			);
			name = mbanking;
			productName = mbanking;
			productReference = 67921FB92212DBEA004B84CF /* mbanking.app */;
			productType = "com.apple.product-type.application";
		};
/* End PBXNativeTarget section */

/* Begin PBXProject section */
		67921FB12212DBEA004B84CF /* Project object */ = {
			isa = PBXProject;
			attributes = {
				LastSwiftUpdateCheck = 1010;
				LastUpgradeCheck = 1010;
				ORGANIZATIONNAME = "Azra Mesic";
				TargetAttributes = {
					67921FB82212DBEA004B84CF = {
						CreatedOnToolsVersion = 10.1;
					};
				};
			};
			buildConfigurationList = 67921FB42212DBEA004B84CF /* Build configuration list for PBXProject "mbanking" */;
			compatibilityVersion = "Xcode 9.3";
			developmentRegion = en;
			hasScannedForEncodings = 0;
			knownRegions = (
				en,
				Base,
			);
			mainGroup = 67921FB02212DBEA004B84CF;
			productRefGroup = 67921FBA2212DBEA004B84CF /* Products */;
			projectDirPath = "";
			projectRoot = "";
			targets = (
				67921FB82212DBEA004B84CF /* mbanking */,
			);
		};
/* End PBXProject section */

/* Begin PBXResourcesBuildPhase section */
		67921FB72212DBEA004B84CF /* Resources */ = {
			isa = PBXResourcesBuildPhase;
			buildActionMask = 2147483647;
			files = (
				67B5662C22146E4F002AC512 /* Main.storyboard in Resources */,
				67FE7A28221C04BA00F10C71 /* .gitignore in Resources */,
				67A6C9DD2218D738004D935D /* Icon-1024.png in Resources */,
				67921FCA2212DBEC004B84CF /* LaunchScreen.storyboard in Resources */,
				67B566312214C2CA002AC512 /* Keyboard.xib in Resources */,
				67FE7A22221B03DC00F10C71 /* delete.png in Resources */,
				67921FC72212DBEC004B84CF /* Assets.xcassets in Resources */,
			);
			runOnlyForDeploymentPostprocessing = 0;
		};
/* End PBXResourcesBuildPhase section */

/* Begin PBXShellScriptBuildPhase section */
		0195F9A37C3C59B1CF1FA7FE /* [CP] Check Pods Manifest.lock */ = {
			isa = PBXShellScriptBuildPhase;
			buildActionMask = 2147483647;
			files = (
			);
			inputFileListPaths = (
			);
			inputPaths = (
				"${PODS_PODFILE_DIR_PATH}/Podfile.lock",
				"${PODS_ROOT}/Manifest.lock",
			);
			name = "[CP] Check Pods Manifest.lock";
			outputFileListPaths = (
			);
			outputPaths = (
				"$(DERIVED_FILE_DIR)/Pods-mbanking-checkManifestLockResult.txt",
			);
			runOnlyForDeploymentPostprocessing = 0;
			shellPath = /bin/sh;
			shellScript = "diff \"${PODS_PODFILE_DIR_PATH}/Podfile.lock\" \"${PODS_ROOT}/Manifest.lock\" > /dev/null\nif [ $? != 0 ] ; then\n    # print error to STDERR\n    echo \"error: The sandbox is not in sync with the Podfile.lock. Run 'pod install' or update your CocoaPods installation.\" >&2\n    exit 1\nfi\n# This output is used by Xcode 'outputs' to avoid re-running this script phase.\necho \"SUCCESS\" > \"${SCRIPT_OUTPUT_FILE_0}\"\n";
			showEnvVarsInLog = 0;
		};
/* End PBXShellScriptBuildPhase section */

/* Begin PBXSourcesBuildPhase section */
		67921FB52212DBEA004B84CF /* Sources */ = {
			isa = PBXSourcesBuildPhase;
			buildActionMask = 2147483647;
			files = (
				679930CA2219EFE800C3E258 /* RequestManager.swift in Sources */,
				67A6C9DB22176C57004D935D /* TransactionsViewController.swift in Sources */,
				679930C82219C50000C3E258 /* LoginManager.swift in Sources */,
				679034F322136E4A00570289 /* AlertManager.swift in Sources */,
				67FE7A1E221AB1B400F10C71 /* CustomButton.swift in Sources */,
				674109AC2214DC0F00E382E8 /* Colors.swift in Sources */,
				679930C62219A25500C3E258 /* LoginController.swift in Sources */,
				67921FC52212DBEA004B84CF /* mbanking.xcdatamodeld in Sources */,
				67A6C9D92216F935004D935D /* Utils.swift in Sources */,
				679034F5221402CA00570289 /* Keyboard.swift in Sources */,
				67A6C9D722160EC3004D935D /* Spinner.swift in Sources */,
				67921FBF2212DBEA004B84CF /* RegisterViewController.swift in Sources */,
				67921FBD2212DBEA004B84CF /* AppDelegate.swift in Sources */,
				67B5662E2214BAF9002AC512 /* PinViewController.swift in Sources */,
				674109AF2215929700E382E8 /* Keychain.swift in Sources */,
				67FE7A20221AE80B00F10C71 /* KeyboardButton.swift in Sources */,
				67A6C9DF2218E93E004D935D /* SelectionViewController.swift in Sources */,
			);
			runOnlyForDeploymentPostprocessing = 0;
		};
/* End PBXSourcesBuildPhase section */

/* Begin PBXVariantGroup section */
		67921FC82212DBEC004B84CF /* LaunchScreen.storyboard */ = {
			isa = PBXVariantGroup;
			children = (
				67921FC92212DBEC004B84CF /* Base */,
			);
			name = LaunchScreen.storyboard;
			sourceTree = "<group>";
		};
		67B5662A22146E4F002AC512 /* Main.storyboard */ = {
			isa = PBXVariantGroup;
			children = (
				67B5662B22146E4F002AC512 /* Base */,
			);
			name = Main.storyboard;
			sourceTree = "<group>";
		};
/* End PBXVariantGroup section */

/* Begin XCBuildConfiguration section */
		67921FE22212DBEC004B84CF /* Debug */ = {
			isa = XCBuildConfiguration;
			buildSettings = {
				ALWAYS_SEARCH_USER_PATHS = NO;
				CLANG_ANALYZER_NONNULL = YES;
				CLANG_ANALYZER_NUMBER_OBJECT_CONVERSION = YES_AGGRESSIVE;
				CLANG_CXX_LANGUAGE_STANDARD = "gnu++14";
				CLANG_CXX_LIBRARY = "libc++";
				CLANG_ENABLE_MODULES = YES;
				CLANG_ENABLE_OBJC_ARC = YES;
				CLANG_ENABLE_OBJC_WEAK = YES;
				CLANG_WARN_BLOCK_CAPTURE_AUTORELEASING = YES;
				CLANG_WARN_BOOL_CONVERSION = YES;
				CLANG_WARN_COMMA = YES;
				CLANG_WARN_CONSTANT_CONVERSION = YES;
				CLANG_WARN_DEPRECATED_OBJC_IMPLEMENTATIONS = YES;
				CLANG_WARN_DIRECT_OBJC_ISA_USAGE = YES_ERROR;
				CLANG_WARN_DOCUMENTATION_COMMENTS = YES;
				CLANG_WARN_EMPTY_BODY = YES;
				CLANG_WARN_ENUM_CONVERSION = YES;
				CLANG_WARN_INFINITE_RECURSION = YES;
				CLANG_WARN_INT_CONVERSION = YES;
				CLANG_WARN_NON_LITERAL_NULL_CONVERSION = YES;
				CLANG_WARN_OBJC_IMPLICIT_RETAIN_SELF = YES;
				CLANG_WARN_OBJC_LITERAL_CONVERSION = YES;
				CLANG_WARN_OBJC_ROOT_CLASS = YES_ERROR;
				CLANG_WARN_RANGE_LOOP_ANALYSIS = YES;
				CLANG_WARN_STRICT_PROTOTYPES = YES;
				CLANG_WARN_SUSPICIOUS_MOVE = YES;
				CLANG_WARN_UNGUARDED_AVAILABILITY = YES_AGGRESSIVE;
				CLANG_WARN_UNREACHABLE_CODE = YES;
				CLANG_WARN__DUPLICATE_METHOD_MATCH = YES;
				CODE_SIGN_IDENTITY = "iPhone Developer";
				COPY_PHASE_STRIP = NO;
				DEBUG_INFORMATION_FORMAT = dwarf;
				ENABLE_STRICT_OBJC_MSGSEND = YES;
				ENABLE_TESTABILITY = YES;
				GCC_C_LANGUAGE_STANDARD = gnu11;
				GCC_DYNAMIC_NO_PIC = NO;
				GCC_NO_COMMON_BLOCKS = YES;
				GCC_OPTIMIZATION_LEVEL = 0;
				GCC_PREPROCESSOR_DEFINITIONS = (
					"DEBUG=1",
					"$(inherited)",
				);
				GCC_WARN_64_TO_32_BIT_CONVERSION = YES;
				GCC_WARN_ABOUT_RETURN_TYPE = YES_ERROR;
				GCC_WARN_UNDECLARED_SELECTOR = YES;
				GCC_WARN_UNINITIALIZED_AUTOS = YES_AGGRESSIVE;
				GCC_WARN_UNUSED_FUNCTION = YES;
				GCC_WARN_UNUSED_VARIABLE = YES;
				IPHONEOS_DEPLOYMENT_TARGET = 12.1;
				MTL_ENABLE_DEBUG_INFO = INCLUDE_SOURCE;
				MTL_FAST_MATH = YES;
				ONLY_ACTIVE_ARCH = YES;
				SDKROOT = iphoneos;
				SWIFT_ACTIVE_COMPILATION_CONDITIONS = DEBUG;
				SWIFT_OPTIMIZATION_LEVEL = "-Onone";
			};
			name = Debug;
		};
		67921FE32212DBEC004B84CF /* Release */ = {
			isa = XCBuildConfiguration;
			buildSettings = {
				ALWAYS_SEARCH_USER_PATHS = NO;
				CLANG_ANALYZER_NONNULL = YES;
				CLANG_ANALYZER_NUMBER_OBJECT_CONVERSION = YES_AGGRESSIVE;
				CLANG_CXX_LANGUAGE_STANDARD = "gnu++14";
				CLANG_CXX_LIBRARY = "libc++";
				CLANG_ENABLE_MODULES = YES;
				CLANG_ENABLE_OBJC_ARC = YES;
				CLANG_ENABLE_OBJC_WEAK = YES;
				CLANG_WARN_BLOCK_CAPTURE_AUTORELEASING = YES;
				CLANG_WARN_BOOL_CONVERSION = YES;
				CLANG_WARN_COMMA = YES;
				CLANG_WARN_CONSTANT_CONVERSION = YES;
				CLANG_WARN_DEPRECATED_OBJC_IMPLEMENTATIONS = YES;
				CLANG_WARN_DIRECT_OBJC_ISA_USAGE = YES_ERROR;
				CLANG_WARN_DOCUMENTATION_COMMENTS = YES;
				CLANG_WARN_EMPTY_BODY = YES;
				CLANG_WARN_ENUM_CONVERSION = YES;
				CLANG_WARN_INFINITE_RECURSION = YES;
				CLANG_WARN_INT_CONVERSION = YES;
				CLANG_WARN_NON_LITERAL_NULL_CONVERSION = YES;
				CLANG_WARN_OBJC_IMPLICIT_RETAIN_SELF = YES;
				CLANG_WARN_OBJC_LITERAL_CONVERSION = YES;
				CLANG_WARN_OBJC_ROOT_CLASS = YES_ERROR;
				CLANG_WARN_RANGE_LOOP_ANALYSIS = YES;
				CLANG_WARN_STRICT_PROTOTYPES = YES;
				CLANG_WARN_SUSPICIOUS_MOVE = YES;
				CLANG_WARN_UNGUARDED_AVAILABILITY = YES_AGGRESSIVE;
				CLANG_WARN_UNREACHABLE_CODE = YES;
				CLANG_WARN__DUPLICATE_METHOD_MATCH = YES;
				CODE_SIGN_IDENTITY = "iPhone Developer";
				COPY_PHASE_STRIP = NO;
				DEBUG_INFORMATION_FORMAT = "dwarf-with-dsym";
				ENABLE_NS_ASSERTIONS = NO;
				ENABLE_STRICT_OBJC_MSGSEND = YES;
				GCC_C_LANGUAGE_STANDARD = gnu11;
				GCC_NO_COMMON_BLOCKS = YES;
				GCC_WARN_64_TO_32_BIT_CONVERSION = YES;
				GCC_WARN_ABOUT_RETURN_TYPE = YES_ERROR;
				GCC_WARN_UNDECLARED_SELECTOR = YES;
				GCC_WARN_UNINITIALIZED_AUTOS = YES_AGGRESSIVE;
				GCC_WARN_UNUSED_FUNCTION = YES;
				GCC_WARN_UNUSED_VARIABLE = YES;
				IPHONEOS_DEPLOYMENT_TARGET = 12.1;
				MTL_ENABLE_DEBUG_INFO = NO;
				MTL_FAST_MATH = YES;
				SDKROOT = iphoneos;
				SWIFT_COMPILATION_MODE = wholemodule;
				SWIFT_OPTIMIZATION_LEVEL = "-O";
				VALIDATE_PRODUCT = YES;
			};
			name = Release;
		};
		67921FE52212DBEC004B84CF /* Debug */ = {
			isa = XCBuildConfiguration;
			baseConfigurationReference = 23BB074BFEC8CEB63C2DD0D7 /* Pods-mbanking.debug.xcconfig */;
			buildSettings = {
				ASSETCATALOG_COMPILER_APPICON_NAME = AppIcon;
				CODE_SIGN_STYLE = Manual;
				DEVELOPMENT_TEAM = 2TV8CZN4EF;
				INFOPLIST_FILE = mbanking/Info.plist;
				IPHONEOS_DEPLOYMENT_TARGET = 8.0;
				LD_RUNPATH_SEARCH_PATHS = (
					"$(inherited)",
					"@executable_path/Frameworks",
				);
				PRODUCT_BUNDLE_IDENTIFIER = com.asseco.see.tuzla.demo;
				PRODUCT_NAME = "$(TARGET_NAME)";
				PROVISIONING_PROFILE_SPECIFIER = "Tuzla Demo Apps";
				SWIFT_VERSION = 4.2;
				TARGETED_DEVICE_FAMILY = 1;
			};
			name = Debug;
		};
		67921FE62212DBEC004B84CF /* Release */ = {
			isa = XCBuildConfiguration;
			baseConfigurationReference = 66DCF9E7D88BE13868F8F91F /* Pods-mbanking.release.xcconfig */;
			buildSettings = {
				ASSETCATALOG_COMPILER_APPICON_NAME = AppIcon;
				CODE_SIGN_STYLE = Manual;
				DEVELOPMENT_TEAM = "";
				INFOPLIST_FILE = mbanking/Info.plist;
				IPHONEOS_DEPLOYMENT_TARGET = 8.0;
				LD_RUNPATH_SEARCH_PATHS = (
					"$(inherited)",
					"@executable_path/Frameworks",
				);
				PRODUCT_BUNDLE_IDENTIFIER = com.asseco.see.tuzla.demo;
				PRODUCT_NAME = "$(TARGET_NAME)";
				PROVISIONING_PROFILE_SPECIFIER = "";
				SWIFT_VERSION = 4.2;
				TARGETED_DEVICE_FAMILY = 1;
			};
			name = Release;
		};
/* End XCBuildConfiguration section */

/* Begin XCConfigurationList section */
		67921FB42212DBEA004B84CF /* Build configuration list for PBXProject "mbanking" */ = {
			isa = XCConfigurationList;
			buildConfigurations = (
				67921FE22212DBEC004B84CF /* Debug */,
				67921FE32212DBEC004B84CF /* Release */,
			);
			defaultConfigurationIsVisible = 0;
			defaultConfigurationName = Release;
		};
		67921FE42212DBEC004B84CF /* Build configuration list for PBXNativeTarget "mbanking" */ = {
			isa = XCConfigurationList;
			buildConfigurations = (
				67921FE52212DBEC004B84CF /* Debug */,
				67921FE62212DBEC004B84CF /* Release */,
			);
			defaultConfigurationIsVisible = 0;
			defaultConfigurationName = Release;
		};
/* End XCConfigurationList section */

/* Begin XCVersionGroup section */
		67921FC32212DBEA004B84CF /* mbanking.xcdatamodeld */ = {
			isa = XCVersionGroup;
			children = (
				67921FC42212DBEA004B84CF /* mbanking.xcdatamodel */,
			);
			currentVersion = 67921FC42212DBEA004B84CF /* mbanking.xcdatamodel */;
			path = mbanking.xcdatamodeld;
			sourceTree = "<group>";
			versionGroupType = wrapper.xcdatamodel;
		};
/* End XCVersionGroup section */
	};
	rootObject = 67921FB12212DBEA004B84CF /* Project object */;
}
